
Microsoft Visual Studio Solution File, Format Version 12.00
# Visual Studio Version 16
VisualStudioVersion = 25.0.1705.2
MinimumVisualStudioVersion = 10.0.40219.1
Project("{FAE04EC0-301F-11D3-BF4B-00C04F79EFBC}") = "Black Jack", "Black Jack.csproj", "{F771E951-7934-4208-9B12-1A9A9384A534}"
EndProject
Global
	GlobalSection(SolutionConfigurationPlatforms) = preSolution
		Debug|Any CPU = Debug|Any CPU
		Release|Any CPU = Release|Any CPU
	EndGlobalSection
	GlobalSection(ProjectConfigurationPlatforms) = postSolution
		{F771E951-7934-4208-9B12-1A9A9384A534}.Debug|Any CPU.ActiveCfg = Debug|Any CPU
		{F771E951-7934-4208-9B12-1A9A9384A534}.Debug|Any CPU.Build.0 = Debug|Any CPU
		{F771E951-7934-4208-9B12-1A9A9384A534}.Release|Any CPU.ActiveCfg = Release|Any CPU
		{F771E951-7934-4208-9B12-1A9A9384A534}.Release|Any CPU.Build.0 = Release|Any CPU
	EndGlobalSection
	GlobalSection(SolutionProperties) = preSolution
		HideSolutionNode = FALSE
	EndGlobalSection
	GlobalSection(ExtensibilityGlobals) = postSolution
		SolutionGuid = {7E1ADCAD-AD2B-4B8A-B319-07C9BA1E6C5D}
	EndGlobalSection
EndGlobal
